// !$*UTF8*$!
{
	archiveVersion = 1;
	classes = {
	};
	objectVersion = 55;
	objects = {

/* Begin PBXBuildFile section */
		12069B1128CCDEE30059675C /* FeedLoader.swift in Sources */ = {isa = PBXBuildFile; fileRef = 127126F528C642090077B433 /* FeedLoader.swift */; };
		124B86AE28D2483F00A36FE4 /* XCTTestCase+MemoryLeak.swift in Sources */ = {isa = PBXBuildFile; fileRef = 124B86AD28D2483F00A36FE4 /* XCTTestCase+MemoryLeak.swift */; };
		127126C528C63F4A0077B433 /* AppDelegate.swift in Sources */ = {isa = PBXBuildFile; fileRef = 127126C428C63F4A0077B433 /* AppDelegate.swift */; };
		127126C728C63F4A0077B433 /* SceneDelegate.swift in Sources */ = {isa = PBXBuildFile; fileRef = 127126C628C63F4A0077B433 /* SceneDelegate.swift */; };
		127126C928C63F4A0077B433 /* ViewController.swift in Sources */ = {isa = PBXBuildFile; fileRef = 127126C828C63F4A0077B433 /* ViewController.swift */; };
		127126CC28C63F4A0077B433 /* Main.storyboard in Resources */ = {isa = PBXBuildFile; fileRef = 127126CA28C63F4A0077B433 /* Main.storyboard */; };
		127126CE28C63F4C0077B433 /* Assets.xcassets in Resources */ = {isa = PBXBuildFile; fileRef = 127126CD28C63F4C0077B433 /* Assets.xcassets */; };
		127126D128C63F4C0077B433 /* LaunchScreen.storyboard in Resources */ = {isa = PBXBuildFile; fileRef = 127126CF28C63F4C0077B433 /* LaunchScreen.storyboard */; };
		127126E528C63F5D0077B433 /* CI.framework in Frameworks */ = {isa = PBXBuildFile; fileRef = 127126DD28C63F5D0077B433 /* CI.framework */; };
		127126EB28C63F5D0077B433 /* CI.h in Headers */ = {isa = PBXBuildFile; fileRef = 127126DF28C63F5D0077B433 /* CI.h */; settings = {ATTRIBUTES = (Public, ); }; };
		127126F428C641EC0077B433 /* FeedItem.swift in Sources */ = {isa = PBXBuildFile; fileRef = 127126F328C641EC0077B433 /* FeedItem.swift */; };
		127126F628C642090077B433 /* FeedLoader.swift in Sources */ = {isa = PBXBuildFile; fileRef = 127126F528C642090077B433 /* FeedLoader.swift */; };
		127126F928C642E10077B433 /* RemoteFeedLoaderTests.swift in Sources */ = {isa = PBXBuildFile; fileRef = 127126F828C642E10077B433 /* RemoteFeedLoaderTests.swift */; };
		12A5307C28CF269D00735B64 /* URLSessionHTTPClientTests.swift in Sources */ = {isa = PBXBuildFile; fileRef = 12A5307B28CF269D00735B64 /* URLSessionHTTPClientTests.swift */; };
		12AEC27728CB2F25005E3287 /* FeedItem.swift in Sources */ = {isa = PBXBuildFile; fileRef = 127126F328C641EC0077B433 /* FeedItem.swift */; };
		12CAAE2728CA399C0009666C /* RemoteFeedLoader.swift in Sources */ = {isa = PBXBuildFile; fileRef = 12CAAE2628CA399C0009666C /* RemoteFeedLoader.swift */; };
		12CAAE2828CA39BA0009666C /* RemoteFeedLoader.swift in Sources */ = {isa = PBXBuildFile; fileRef = 12CAAE2628CA399C0009666C /* RemoteFeedLoader.swift */; };
		12CFFBD228CC606E00AEB18A /* HTTPClient.swift in Sources */ = {isa = PBXBuildFile; fileRef = 12CFFBD128CC606E00AEB18A /* HTTPClient.swift */; };
		12CFFBD328CC608100AEB18A /* HTTPClient.swift in Sources */ = {isa = PBXBuildFile; fileRef = 12CFFBD128CC606E00AEB18A /* HTTPClient.swift */; };
		12CFFBD528CC610300AEB18A /* FeedItemsMapper.swift in Sources */ = {isa = PBXBuildFile; fileRef = 12CFFBD428CC610300AEB18A /* FeedItemsMapper.swift */; };
		12CFFBD628CC614C00AEB18A /* FeedItemsMapper.swift in Sources */ = {isa = PBXBuildFile; fileRef = 12CFFBD428CC610300AEB18A /* FeedItemsMapper.swift */; };
/* End PBXBuildFile section */

/* Begin PBXContainerItemProxy section */
		127126E628C63F5D0077B433 /* PBXContainerItemProxy */ = {
			isa = PBXContainerItemProxy;
			containerPortal = 127126B928C63F4A0077B433 /* Project object */;
			proxyType = 1;
			remoteGlobalIDString = 127126DC28C63F5D0077B433;
			remoteInfo = CI;
		};
/* End PBXContainerItemProxy section */

/* Begin PBXFileReference section */
		124B86AD28D2483F00A36FE4 /* XCTTestCase+MemoryLeak.swift */ = {isa = PBXFileReference; lastKnownFileType = sourcecode.swift; path = "XCTTestCase+MemoryLeak.swift"; sourceTree = "<group>"; };
		127126C128C63F4A0077B433 /* Essetial Feed.app */ = {isa = PBXFileReference; explicitFileType = wrapper.application; includeInIndex = 0; path = "Essetial Feed.app"; sourceTree = BUILT_PRODUCTS_DIR; };
		127126C428C63F4A0077B433 /* AppDelegate.swift */ = {isa = PBXFileReference; lastKnownFileType = sourcecode.swift; path = AppDelegate.swift; sourceTree = "<group>"; };
		127126C628C63F4A0077B433 /* SceneDelegate.swift */ = {isa = PBXFileReference; lastKnownFileType = sourcecode.swift; path = SceneDelegate.swift; sourceTree = "<group>"; };
		127126C828C63F4A0077B433 /* ViewController.swift */ = {isa = PBXFileReference; lastKnownFileType = sourcecode.swift; path = ViewController.swift; sourceTree = "<group>"; };
		127126CB28C63F4A0077B433 /* Base */ = {isa = PBXFileReference; lastKnownFileType = file.storyboard; name = Base; path = Base.lproj/Main.storyboard; sourceTree = "<group>"; };
		127126CD28C63F4C0077B433 /* Assets.xcassets */ = {isa = PBXFileReference; lastKnownFileType = folder.assetcatalog; path = Assets.xcassets; sourceTree = "<group>"; };
		127126D028C63F4C0077B433 /* Base */ = {isa = PBXFileReference; lastKnownFileType = file.storyboard; name = Base; path = Base.lproj/LaunchScreen.storyboard; sourceTree = "<group>"; };
		127126D228C63F4C0077B433 /* Info.plist */ = {isa = PBXFileReference; lastKnownFileType = text.plist.xml; path = Info.plist; sourceTree = "<group>"; };
		127126DD28C63F5D0077B433 /* CI.framework */ = {isa = PBXFileReference; explicitFileType = wrapper.framework; includeInIndex = 0; path = CI.framework; sourceTree = BUILT_PRODUCTS_DIR; };
		127126DF28C63F5D0077B433 /* CI.h */ = {isa = PBXFileReference; lastKnownFileType = sourcecode.c.h; path = CI.h; sourceTree = "<group>"; };
		127126E428C63F5D0077B433 /* CITests.xctest */ = {isa = PBXFileReference; explicitFileType = wrapper.cfbundle; includeInIndex = 0; path = CITests.xctest; sourceTree = BUILT_PRODUCTS_DIR; };
		127126F328C641EC0077B433 /* FeedItem.swift */ = {isa = PBXFileReference; lastKnownFileType = sourcecode.swift; path = FeedItem.swift; sourceTree = "<group>"; };
		127126F528C642090077B433 /* FeedLoader.swift */ = {isa = PBXFileReference; lastKnownFileType = sourcecode.swift; path = FeedLoader.swift; sourceTree = "<group>"; };
		127126F728C642E00077B433 /* CITests-Bridging-Header.h */ = {isa = PBXFileReference; lastKnownFileType = sourcecode.c.h; path = "CITests-Bridging-Header.h"; sourceTree = "<group>"; };
		127126F828C642E10077B433 /* RemoteFeedLoaderTests.swift */ = {isa = PBXFileReference; lastKnownFileType = sourcecode.swift; path = RemoteFeedLoaderTests.swift; sourceTree = "<group>"; };
		12A5307B28CF269D00735B64 /* URLSessionHTTPClientTests.swift */ = {isa = PBXFileReference; lastKnownFileType = sourcecode.swift; path = URLSessionHTTPClientTests.swift; sourceTree = "<group>"; };
		12CAAE2628CA399C0009666C /* RemoteFeedLoader.swift */ = {isa = PBXFileReference; lastKnownFileType = sourcecode.swift; path = RemoteFeedLoader.swift; sourceTree = "<group>"; };
		12CFFBD128CC606E00AEB18A /* HTTPClient.swift */ = {isa = PBXFileReference; lastKnownFileType = sourcecode.swift; path = HTTPClient.swift; sourceTree = "<group>"; };
		12CFFBD428CC610300AEB18A /* FeedItemsMapper.swift */ = {isa = PBXFileReference; lastKnownFileType = sourcecode.swift; path = FeedItemsMapper.swift; sourceTree = "<group>"; };
/* End PBXFileReference section */

/* Begin PBXFrameworksBuildPhase section */
		127126BE28C63F4A0077B433 /* Frameworks */ = {
			isa = PBXFrameworksBuildPhase;
			buildActionMask = 2147483647;
			files = (
			);
			runOnlyForDeploymentPostprocessing = 0;
		};
		127126DA28C63F5D0077B433 /* Frameworks */ = {
			isa = PBXFrameworksBuildPhase;
			buildActionMask = 2147483647;
			files = (
			);
			runOnlyForDeploymentPostprocessing = 0;
		};
		127126E128C63F5D0077B433 /* Frameworks */ = {
			isa = PBXFrameworksBuildPhase;
			buildActionMask = 2147483647;
			files = (
				127126E528C63F5D0077B433 /* CI.framework in Frameworks */,
			);
			runOnlyForDeploymentPostprocessing = 0;
		};
/* End PBXFrameworksBuildPhase section */

/* Begin PBXGroup section */
		124B86AC28D2481B00A36FE4 /* Helpers */ = {
			isa = PBXGroup;
			children = (
				124B86AD28D2483F00A36FE4 /* XCTTestCase+MemoryLeak.swift */,
			);
			path = Helpers;
			sourceTree = "<group>";
		};
		127126B828C63F4A0077B433 = {
			isa = PBXGroup;
			children = (
				127126C328C63F4A0077B433 /* Essetial Feed */,
				127126DE28C63F5D0077B433 /* CI */,
				127126E828C63F5D0077B433 /* CITests */,
				127126C228C63F4A0077B433 /* Products */,
			);
			sourceTree = "<group>";
		};
		127126C228C63F4A0077B433 /* Products */ = {
			isa = PBXGroup;
			children = (
				127126C128C63F4A0077B433 /* Essetial Feed.app */,
				127126DD28C63F5D0077B433 /* CI.framework */,
				127126E428C63F5D0077B433 /* CITests.xctest */,
			);
			name = Products;
			sourceTree = "<group>";
		};
		127126C328C63F4A0077B433 /* Essetial Feed */ = {
			isa = PBXGroup;
			children = (
				127126C428C63F4A0077B433 /* AppDelegate.swift */,
				127126C628C63F4A0077B433 /* SceneDelegate.swift */,
				127126C828C63F4A0077B433 /* ViewController.swift */,
				127126F228C641C20077B433 /* Feed Feature */,
				12CAAE2528CA39870009666C /* Feed API */,
				127126CA28C63F4A0077B433 /* Main.storyboard */,
				127126CD28C63F4C0077B433 /* Assets.xcassets */,
				127126CF28C63F4C0077B433 /* LaunchScreen.storyboard */,
				127126D228C63F4C0077B433 /* Info.plist */,
			);
			path = "Essetial Feed";
			sourceTree = "<group>";
		};
		127126DE28C63F5D0077B433 /* CI */ = {
			isa = PBXGroup;
			children = (
				127126DF28C63F5D0077B433 /* CI.h */,
			);
			path = CI;
			sourceTree = "<group>";
		};
		127126E828C63F5D0077B433 /* CITests */ = {
			isa = PBXGroup;
			children = (
				12CFFBD728CC6C3B00AEB18A /* Feed API */,
				127126F728C642E00077B433 /* CITests-Bridging-Header.h */,
			);
			path = CITests;
			sourceTree = "<group>";
		};
		127126F228C641C20077B433 /* Feed Feature */ = {
			isa = PBXGroup;
			children = (
				127126F328C641EC0077B433 /* FeedItem.swift */,
				127126F528C642090077B433 /* FeedLoader.swift */,
			);
			path = "Feed Feature";
			sourceTree = "<group>";
		};
		12CAAE2528CA39870009666C /* Feed API */ = {
			isa = PBXGroup;
			children = (
				12CAAE2628CA399C0009666C /* RemoteFeedLoader.swift */,
				12CFFBD428CC610300AEB18A /* FeedItemsMapper.swift */,
				12CFFBD128CC606E00AEB18A /* HTTPClient.swift */,
			);
			path = "Feed API";
			sourceTree = "<group>";
		};
		12CFFBD728CC6C3B00AEB18A /* Feed API */ = {
			isa = PBXGroup;
			children = (
				124B86AC28D2481B00A36FE4 /* Helpers */,
				127126F828C642E10077B433 /* RemoteFeedLoaderTests.swift */,
				12A5307B28CF269D00735B64 /* URLSessionHTTPClientTests.swift */,
			);
			path = "Feed API";
			sourceTree = "<group>";
		};
/* End PBXGroup section */

/* Begin PBXHeadersBuildPhase section */
		127126D828C63F5D0077B433 /* Headers */ = {
			isa = PBXHeadersBuildPhase;
			buildActionMask = 2147483647;
			files = (
				127126EB28C63F5D0077B433 /* CI.h in Headers */,
			);
			runOnlyForDeploymentPostprocessing = 0;
		};
/* End PBXHeadersBuildPhase section */

/* Begin PBXNativeTarget section */
		127126C028C63F4A0077B433 /* Essetial Feed */ = {
			isa = PBXNativeTarget;
			buildConfigurationList = 127126D528C63F4C0077B433 /* Build configuration list for PBXNativeTarget "Essetial Feed" */;
			buildPhases = (
				127126BD28C63F4A0077B433 /* Sources */,
				127126BE28C63F4A0077B433 /* Frameworks */,
				127126BF28C63F4A0077B433 /* Resources */,
			);
			buildRules = (
			);
			dependencies = (
			);
			name = "Essetial Feed";
			productName = "Essetial Feed";
			productReference = 127126C128C63F4A0077B433 /* Essetial Feed.app */;
			productType = "com.apple.product-type.application";
		};
		127126DC28C63F5D0077B433 /* CI */ = {
			isa = PBXNativeTarget;
			buildConfigurationList = 127126EC28C63F5D0077B433 /* Build configuration list for PBXNativeTarget "CI" */;
			buildPhases = (
				127126D828C63F5D0077B433 /* Headers */,
				127126D928C63F5D0077B433 /* Sources */,
				127126DA28C63F5D0077B433 /* Frameworks */,
				127126DB28C63F5D0077B433 /* Resources */,
			);
			buildRules = (
			);
			dependencies = (
			);
			name = CI;
			productName = CI;
			productReference = 127126DD28C63F5D0077B433 /* CI.framework */;
			productType = "com.apple.product-type.framework";
		};
		127126E328C63F5D0077B433 /* CITests */ = {
			isa = PBXNativeTarget;
			buildConfigurationList = 127126EF28C63F5D0077B433 /* Build configuration list for PBXNativeTarget "CITests" */;
			buildPhases = (
				127126E028C63F5D0077B433 /* Sources */,
				127126E128C63F5D0077B433 /* Frameworks */,
				127126E228C63F5D0077B433 /* Resources */,
			);
			buildRules = (
			);
			dependencies = (
				127126E728C63F5D0077B433 /* PBXTargetDependency */,
			);
			name = CITests;
			productName = CITests;
			productReference = 127126E428C63F5D0077B433 /* CITests.xctest */;
			productType = "com.apple.product-type.bundle.unit-test";
		};
/* End PBXNativeTarget section */

/* Begin PBXProject section */
		127126B928C63F4A0077B433 /* Project object */ = {
			isa = PBXProject;
			attributes = {
				BuildIndependentTargetsInParallel = 1;
				LastSwiftUpdateCheck = 1330;
				LastUpgradeCheck = 1330;
				TargetAttributes = {
					127126C028C63F4A0077B433 = {
						CreatedOnToolsVersion = 13.3.1;
					};
					127126DC28C63F5D0077B433 = {
						CreatedOnToolsVersion = 13.3.1;
					};
					127126E328C63F5D0077B433 = {
						CreatedOnToolsVersion = 13.3.1;
						LastSwiftMigration = 1330;
					};
				};
			};
			buildConfigurationList = 127126BC28C63F4A0077B433 /* Build configuration list for PBXProject "Essetial Feed" */;
			compatibilityVersion = "Xcode 13.0";
			developmentRegion = en;
			hasScannedForEncodings = 0;
			knownRegions = (
				en,
				Base,
			);
			mainGroup = 127126B828C63F4A0077B433;
			productRefGroup = 127126C228C63F4A0077B433 /* Products */;
			projectDirPath = "";
			projectRoot = "";
			targets = (
				127126C028C63F4A0077B433 /* Essetial Feed */,
				127126DC28C63F5D0077B433 /* CI */,
				127126E328C63F5D0077B433 /* CITests */,
			);
		};
/* End PBXProject section */

/* Begin PBXResourcesBuildPhase section */
		127126BF28C63F4A0077B433 /* Resources */ = {
			isa = PBXResourcesBuildPhase;
			buildActionMask = 2147483647;
			files = (
				127126D128C63F4C0077B433 /* LaunchScreen.storyboard in Resources */,
				127126CE28C63F4C0077B433 /* Assets.xcassets in Resources */,
				127126CC28C63F4A0077B433 /* Main.storyboard in Resources */,
			);
			runOnlyForDeploymentPostprocessing = 0;
		};
		127126DB28C63F5D0077B433 /* Resources */ = {
			isa = PBXResourcesBuildPhase;
			buildActionMask = 2147483647;
			files = (
			);
			runOnlyForDeploymentPostprocessing = 0;
		};
		127126E228C63F5D0077B433 /* Resources */ = {
			isa = PBXResourcesBuildPhase;
			buildActionMask = 2147483647;
			files = (
			);
			runOnlyForDeploymentPostprocessing = 0;
		};
/* End PBXResourcesBuildPhase section */

/* Begin PBXSourcesBuildPhase section */
		127126BD28C63F4A0077B433 /* Sources */ = {
			isa = PBXSourcesBuildPhase;
			buildActionMask = 2147483647;
			files = (
				127126F428C641EC0077B433 /* FeedItem.swift in Sources */,
				127126C928C63F4A0077B433 /* ViewController.swift in Sources */,
				127126C528C63F4A0077B433 /* AppDelegate.swift in Sources */,
				12CFFBD528CC610300AEB18A /* FeedItemsMapper.swift in Sources */,
				12CFFBD228CC606E00AEB18A /* HTTPClient.swift in Sources */,
				127126F628C642090077B433 /* FeedLoader.swift in Sources */,
				12CAAE2728CA399C0009666C /* RemoteFeedLoader.swift in Sources */,
				127126C728C63F4A0077B433 /* SceneDelegate.swift in Sources */,
			);
			runOnlyForDeploymentPostprocessing = 0;
		};
		127126D928C63F5D0077B433 /* Sources */ = {
			isa = PBXSourcesBuildPhase;
			buildActionMask = 2147483647;
			files = (
				12AEC27728CB2F25005E3287 /* FeedItem.swift in Sources */,
				12CAAE2828CA39BA0009666C /* RemoteFeedLoader.swift in Sources */,
				12CFFBD328CC608100AEB18A /* HTTPClient.swift in Sources */,
				12069B1128CCDEE30059675C /* FeedLoader.swift in Sources */,
				12CFFBD628CC614C00AEB18A /* FeedItemsMapper.swift in Sources */,
			);
			runOnlyForDeploymentPostprocessing = 0;
		};
		127126E028C63F5D0077B433 /* Sources */ = {
			isa = PBXSourcesBuildPhase;
			buildActionMask = 2147483647;
			files = (
				124B86AE28D2483F00A36FE4 /* XCTTestCase+MemoryLeak.swift in Sources */,
				127126F928C642E10077B433 /* RemoteFeedLoaderTests.swift in Sources */,
				12A5307C28CF269D00735B64 /* URLSessionHTTPClientTests.swift in Sources */,
			);
			runOnlyForDeploymentPostprocessing = 0;
		};
/* End PBXSourcesBuildPhase section */

/* Begin PBXTargetDependency section */
		127126E728C63F5D0077B433 /* PBXTargetDependency */ = {
			isa = PBXTargetDependency;
			target = 127126DC28C63F5D0077B433 /* CI */;
			targetProxy = 127126E628C63F5D0077B433 /* PBXContainerItemProxy */;
		};
/* End PBXTargetDependency section */

/* Begin PBXVariantGroup section */
		127126CA28C63F4A0077B433 /* Main.storyboard */ = {
			isa = PBXVariantGroup;
			children = (
				127126CB28C63F4A0077B433 /* Base */,
			);
			name = Main.storyboard;
			sourceTree = "<group>";
		};
		127126CF28C63F4C0077B433 /* LaunchScreen.storyboard */ = {
			isa = PBXVariantGroup;
			children = (
				127126D028C63F4C0077B433 /* Base */,
			);
			name = LaunchScreen.storyboard;
			sourceTree = "<group>";
		};
/* End PBXVariantGroup section */

/* Begin XCBuildConfiguration section */
		127126D328C63F4C0077B433 /* Debug */ = {
			isa = XCBuildConfiguration;
			buildSettings = {
				ALWAYS_SEARCH_USER_PATHS = NO;
				CLANG_ANALYZER_NONNULL = YES;
				CLANG_ANALYZER_NUMBER_OBJECT_CONVERSION = YES_AGGRESSIVE;
				CLANG_CXX_LANGUAGE_STANDARD = "gnu++17";
				CLANG_ENABLE_MODULES = YES;
				CLANG_ENABLE_OBJC_ARC = YES;
				CLANG_ENABLE_OBJC_WEAK = YES;
				CLANG_WARN_BLOCK_CAPTURE_AUTORELEASING = YES;
				CLANG_WARN_BOOL_CONVERSION = YES;
				CLANG_WARN_COMMA = YES;
				CLANG_WARN_CONSTANT_CONVERSION = YES;
				CLANG_WARN_DEPRECATED_OBJC_IMPLEMENTATIONS = YES;
				CLANG_WARN_DIRECT_OBJC_ISA_USAGE = YES_ERROR;
				CLANG_WARN_DOCUMENTATION_COMMENTS = YES;
				CLANG_WARN_EMPTY_BODY = YES;
				CLANG_WARN_ENUM_CONVERSION = YES;
				CLANG_WARN_INFINITE_RECURSION = YES;
				CLANG_WARN_INT_CONVERSION = YES;
				CLANG_WARN_NON_LITERAL_NULL_CONVERSION = YES;
				CLANG_WARN_OBJC_IMPLICIT_RETAIN_SELF = YES;
				CLANG_WARN_OBJC_LITERAL_CONVERSION = YES;
				CLANG_WARN_OBJC_ROOT_CLASS = YES_ERROR;
				CLANG_WARN_QUOTED_INCLUDE_IN_FRAMEWORK_HEADER = YES;
				CLANG_WARN_RANGE_LOOP_ANALYSIS = YES;
				CLANG_WARN_STRICT_PROTOTYPES = YES;
				CLANG_WARN_SUSPICIOUS_MOVE = YES;
				CLANG_WARN_UNGUARDED_AVAILABILITY = YES_AGGRESSIVE;
				CLANG_WARN_UNREACHABLE_CODE = YES;
				CLANG_WARN__DUPLICATE_METHOD_MATCH = YES;
				COPY_PHASE_STRIP = NO;
				DEBUG_INFORMATION_FORMAT = dwarf;
				ENABLE_STRICT_OBJC_MSGSEND = YES;
				ENABLE_TESTABILITY = YES;
				GCC_C_LANGUAGE_STANDARD = gnu11;
				GCC_DYNAMIC_NO_PIC = NO;
				GCC_NO_COMMON_BLOCKS = YES;
				GCC_OPTIMIZATION_LEVEL = 0;
				GCC_PREPROCESSOR_DEFINITIONS = (
					"DEBUG=1",
					"$(inherited)",
				);
				GCC_WARN_64_TO_32_BIT_CONVERSION = YES;
				GCC_WARN_ABOUT_RETURN_TYPE = YES_ERROR;
				GCC_WARN_UNDECLARED_SELECTOR = YES;
				GCC_WARN_UNINITIALIZED_AUTOS = YES_AGGRESSIVE;
				GCC_WARN_UNUSED_FUNCTION = YES;
				GCC_WARN_UNUSED_VARIABLE = YES;
				IPHONEOS_DEPLOYMENT_TARGET = 15.4;
				MTL_ENABLE_DEBUG_INFO = INCLUDE_SOURCE;
				MTL_FAST_MATH = YES;
				ONLY_ACTIVE_ARCH = YES;
				SDKROOT = iphoneos;
				SWIFT_ACTIVE_COMPILATION_CONDITIONS = DEBUG;
				SWIFT_OPTIMIZATION_LEVEL = "-Onone";
			};
			name = Debug;
		};
		127126D428C63F4C0077B433 /* Release */ = {
			isa = XCBuildConfiguration;
			buildSettings = {
				ALWAYS_SEARCH_USER_PATHS = NO;
				CLANG_ANALYZER_NONNULL = YES;
				CLANG_ANALYZER_NUMBER_OBJECT_CONVERSION = YES_AGGRESSIVE;
				CLANG_CXX_LANGUAGE_STANDARD = "gnu++17";
				CLANG_ENABLE_MODULES = YES;
				CLANG_ENABLE_OBJC_ARC = YES;
				CLANG_ENABLE_OBJC_WEAK = YES;
				CLANG_WARN_BLOCK_CAPTURE_AUTORELEASING = YES;
				CLANG_WARN_BOOL_CONVERSION = YES;
				CLANG_WARN_COMMA = YES;
				CLANG_WARN_CONSTANT_CONVERSION = YES;
				CLANG_WARN_DEPRECATED_OBJC_IMPLEMENTATIONS = YES;
				CLANG_WARN_DIRECT_OBJC_ISA_USAGE = YES_ERROR;
				CLANG_WARN_DOCUMENTATION_COMMENTS = YES;
				CLANG_WARN_EMPTY_BODY = YES;
				CLANG_WARN_ENUM_CONVERSION = YES;
				CLANG_WARN_INFINITE_RECURSION = YES;
				CLANG_WARN_INT_CONVERSION = YES;
				CLANG_WARN_NON_LITERAL_NULL_CONVERSION = YES;
				CLANG_WARN_OBJC_IMPLICIT_RETAIN_SELF = YES;
				CLANG_WARN_OBJC_LITERAL_CONVERSION = YES;
				CLANG_WARN_OBJC_ROOT_CLASS = YES_ERROR;
				CLANG_WARN_QUOTED_INCLUDE_IN_FRAMEWORK_HEADER = YES;
				CLANG_WARN_RANGE_LOOP_ANALYSIS = YES;
				CLANG_WARN_STRICT_PROTOTYPES = YES;
				CLANG_WARN_SUSPICIOUS_MOVE = YES;
				CLANG_WARN_UNGUARDED_AVAILABILITY = YES_AGGRESSIVE;
				CLANG_WARN_UNREACHABLE_CODE = YES;
				CLANG_WARN__DUPLICATE_METHOD_MATCH = YES;
				COPY_PHASE_STRIP = NO;
				DEBUG_INFORMATION_FORMAT = "dwarf-with-dsym";
				ENABLE_NS_ASSERTIONS = NO;
				ENABLE_STRICT_OBJC_MSGSEND = YES;
				GCC_C_LANGUAGE_STANDARD = gnu11;
				GCC_NO_COMMON_BLOCKS = YES;
				GCC_WARN_64_TO_32_BIT_CONVERSION = YES;
				GCC_WARN_ABOUT_RETURN_TYPE = YES_ERROR;
				GCC_WARN_UNDECLARED_SELECTOR = YES;
				GCC_WARN_UNINITIALIZED_AUTOS = YES_AGGRESSIVE;
				GCC_WARN_UNUSED_FUNCTION = YES;
				GCC_WARN_UNUSED_VARIABLE = YES;
				IPHONEOS_DEPLOYMENT_TARGET = 15.4;
				MTL_ENABLE_DEBUG_INFO = NO;
				MTL_FAST_MATH = YES;
				SDKROOT = iphoneos;
				SWIFT_COMPILATION_MODE = wholemodule;
				SWIFT_OPTIMIZATION_LEVEL = "-O";
				VALIDATE_PRODUCT = YES;
			};
			name = Release;
		};
		127126D628C63F4C0077B433 /* Debug */ = {
			isa = XCBuildConfiguration;
			buildSettings = {
				ASSETCATALOG_COMPILER_APPICON_NAME = AppIcon;
				ASSETCATALOG_COMPILER_GLOBAL_ACCENT_COLOR_NAME = AccentColor;
				CODE_SIGN_STYLE = Automatic;
				CURRENT_PROJECT_VERSION = 1;
				GENERATE_INFOPLIST_FILE = YES;
				INFOPLIST_FILE = "Essetial Feed/Info.plist";
				INFOPLIST_KEY_UIApplicationSupportsIndirectInputEvents = YES;
				INFOPLIST_KEY_UILaunchStoryboardName = LaunchScreen;
				INFOPLIST_KEY_UIMainStoryboardFile = Main;
				INFOPLIST_KEY_UISupportedInterfaceOrientations_iPad = "UIInterfaceOrientationPortrait UIInterfaceOrientationPortraitUpsideDown UIInterfaceOrientationLandscapeLeft UIInterfaceOrientationLandscapeRight";
				INFOPLIST_KEY_UISupportedInterfaceOrientations_iPhone = "UIInterfaceOrientationPortrait UIInterfaceOrientationLandscapeLeft UIInterfaceOrientationLandscapeRight";
				LD_RUNPATH_SEARCH_PATHS = (
					"$(inherited)",
					"@executable_path/Frameworks",
				);
				MARKETING_VERSION = 1.0;
				PRODUCT_BUNDLE_IDENTIFIER = "com.jaffer.Essetial-Feed";
				PRODUCT_NAME = "$(TARGET_NAME)";
				SWIFT_EMIT_LOC_STRINGS = YES;
				SWIFT_VERSION = 5.0;
				TARGETED_DEVICE_FAMILY = "1,2";
			};
			name = Debug;
		};
		127126D728C63F4C0077B433 /* Release */ = {
			isa = XCBuildConfiguration;
			buildSettings = {
				ASSETCATALOG_COMPILER_APPICON_NAME = AppIcon;
				ASSETCATALOG_COMPILER_GLOBAL_ACCENT_COLOR_NAME = AccentColor;
				CODE_SIGN_STYLE = Automatic;
				CURRENT_PROJECT_VERSION = 1;
				GENERATE_INFOPLIST_FILE = YES;
				INFOPLIST_FILE = "Essetial Feed/Info.plist";
				INFOPLIST_KEY_UIApplicationSupportsIndirectInputEvents = YES;
				INFOPLIST_KEY_UILaunchStoryboardName = LaunchScreen;
				INFOPLIST_KEY_UIMainStoryboardFile = Main;
				INFOPLIST_KEY_UISupportedInterfaceOrientations_iPad = "UIInterfaceOrientationPortrait UIInterfaceOrientationPortraitUpsideDown UIInterfaceOrientationLandscapeLeft UIInterfaceOrientationLandscapeRight";
				INFOPLIST_KEY_UISupportedInterfaceOrientations_iPhone = "UIInterfaceOrientationPortrait UIInterfaceOrientationLandscapeLeft UIInterfaceOrientationLandscapeRight";
				LD_RUNPATH_SEARCH_PATHS = (
					"$(inherited)",
					"@executable_path/Frameworks",
				);
				MARKETING_VERSION = 1.0;
				PRODUCT_BUNDLE_IDENTIFIER = "com.jaffer.Essetial-Feed";
				PRODUCT_NAME = "$(TARGET_NAME)";
				SWIFT_EMIT_LOC_STRINGS = YES;
				SWIFT_VERSION = 5.0;
				TARGETED_DEVICE_FAMILY = "1,2";
			};
			name = Release;
		};
		127126ED28C63F5D0077B433 /* Debug */ = {
			isa = XCBuildConfiguration;
			buildSettings = {
				CODE_SIGN_STYLE = Automatic;
				COMBINE_HIDPI_IMAGES = YES;
				CURRENT_PROJECT_VERSION = 1;
				DEFINES_MODULE = YES;
				DYLIB_COMPATIBILITY_VERSION = 1;
				DYLIB_CURRENT_VERSION = 1;
				DYLIB_INSTALL_NAME_BASE = "@rpath";
				GENERATE_INFOPLIST_FILE = YES;
				INFOPLIST_KEY_NSHumanReadableCopyright = "";
				INSTALL_PATH = "$(LOCAL_LIBRARY_DIR)/Frameworks";
				LD_RUNPATH_SEARCH_PATHS = (
					"$(inherited)",
					"@executable_path/../Frameworks",
					"@loader_path/Frameworks",
				);
				MACOSX_DEPLOYMENT_TARGET = 12.3;
				MARKETING_VERSION = 1.0;
				PRODUCT_BUNDLE_IDENTIFIER = com.jaffer.CI;
				PRODUCT_NAME = "$(TARGET_NAME:c99extidentifier)";
				SDKROOT = macosx;
				SKIP_INSTALL = YES;
				SWIFT_EMIT_LOC_STRINGS = YES;
				SWIFT_VERSION = 5.0;
				VERSIONING_SYSTEM = "apple-generic";
				VERSION_INFO_PREFIX = "";
			};
			name = Debug;
		};
		127126EE28C63F5D0077B433 /* Release */ = {
			isa = XCBuildConfiguration;
			buildSettings = {
				CODE_SIGN_STYLE = Automatic;
				COMBINE_HIDPI_IMAGES = YES;
				CURRENT_PROJECT_VERSION = 1;
				DEFINES_MODULE = YES;
				DYLIB_COMPATIBILITY_VERSION = 1;
				DYLIB_CURRENT_VERSION = 1;
				DYLIB_INSTALL_NAME_BASE = "@rpath";
				GENERATE_INFOPLIST_FILE = YES;
				INFOPLIST_KEY_NSHumanReadableCopyright = "";
				INSTALL_PATH = "$(LOCAL_LIBRARY_DIR)/Frameworks";
				LD_RUNPATH_SEARCH_PATHS = (
					"$(inherited)",
					"@executable_path/../Frameworks",
					"@loader_path/Frameworks",
				);
				MACOSX_DEPLOYMENT_TARGET = 12.3;
				MARKETING_VERSION = 1.0;
				PRODUCT_BUNDLE_IDENTIFIER = com.jaffer.CI;
				PRODUCT_NAME = "$(TARGET_NAME:c99extidentifier)";
				SDKROOT = macosx;
				SKIP_INSTALL = YES;
				SWIFT_EMIT_LOC_STRINGS = YES;
				SWIFT_VERSION = 5.0;
				VERSIONING_SYSTEM = "apple-generic";
				VERSION_INFO_PREFIX = "";
			};
			name = Release;
		};
		127126F028C63F5D0077B433 /* Debug */ = {
			isa = XCBuildConfiguration;
			buildSettings = {
				ALWAYS_EMBED_SWIFT_STANDARD_LIBRARIES = YES;
				CLANG_ENABLE_MODULES = YES;
				CODE_SIGN_STYLE = Automatic;
				CURRENT_PROJECT_VERSION = 1;
				GENERATE_INFOPLIST_FILE = YES;
				LD_RUNPATH_SEARCH_PATHS = (
					"$(inherited)",
					"@executable_path/../Frameworks",
					"@loader_path/../Frameworks",
				);
				MACOSX_DEPLOYMENT_TARGET = 12.3;
				MARKETING_VERSION = 1.0;
				PRODUCT_BUNDLE_IDENTIFIER = com.jaffer.CITests;
				PRODUCT_NAME = "$(TARGET_NAME)";
				SDKROOT = macosx;
				SWIFT_EMIT_LOC_STRINGS = NO;
				SWIFT_OBJC_BRIDGING_HEADER = "CITests/CITests-Bridging-Header.h";
				SWIFT_OPTIMIZATION_LEVEL = "-Onone";
				SWIFT_VERSION = 5.0;
			};
			name = Debug;
		};
		127126F128C63F5D0077B433 /* Release */ = {
			isa = XCBuildConfiguration;
			buildSettings = {
				ALWAYS_EMBED_SWIFT_STANDARD_LIBRARIES = YES;
				CLANG_ENABLE_MODULES = YES;
				CODE_SIGN_STYLE = Automatic;
				CURRENT_PROJECT_VERSION = 1;
				GENERATE_INFOPLIST_FILE = YES;
				LD_RUNPATH_SEARCH_PATHS = (
					"$(inherited)",
					"@executable_path/../Frameworks",
					"@loader_path/../Frameworks",
				);
				MACOSX_DEPLOYMENT_TARGET = 12.3;
				MARKETING_VERSION = 1.0;
				PRODUCT_BUNDLE_IDENTIFIER = com.jaffer.CITests;
				PRODUCT_NAME = "$(TARGET_NAME)";
				SDKROOT = macosx;
				SWIFT_EMIT_LOC_STRINGS = NO;
				SWIFT_OBJC_BRIDGING_HEADER = "CITests/CITests-Bridging-Header.h";
				SWIFT_VERSION = 5.0;
			};
			name = Release;
		};
/* End XCBuildConfiguration section */

/* Begin XCConfigurationList section */
		127126BC28C63F4A0077B433 /* Build configuration list for PBXProject "Essetial Feed" */ = {
			isa = XCConfigurationList;
			buildConfigurations = (
				127126D328C63F4C0077B433 /* Debug */,
				127126D428C63F4C0077B433 /* Release */,
			);
			defaultConfigurationIsVisible = 0;
			defaultConfigurationName = Release;
		};
		127126D528C63F4C0077B433 /* Build configuration list for PBXNativeTarget "Essetial Feed" */ = {
			isa = XCConfigurationList;
			buildConfigurations = (
				127126D628C63F4C0077B433 /* Debug */,
				127126D728C63F4C0077B433 /* Release */,
			);
			defaultConfigurationIsVisible = 0;
			defaultConfigurationName = Release;
		};
		127126EC28C63F5D0077B433 /* Build configuration list for PBXNativeTarget "CI" */ = {
			isa = XCConfigurationList;
			buildConfigurations = (
				127126ED28C63F5D0077B433 /* Debug */,
				127126EE28C63F5D0077B433 /* Release */,
			);
			defaultConfigurationIsVisible = 0;
			defaultConfigurationName = Release;
		};
		127126EF28C63F5D0077B433 /* Build configuration list for PBXNativeTarget "CITests" */ = {
			isa = XCConfigurationList;
			buildConfigurations = (
				127126F028C63F5D0077B433 /* Debug */,
				127126F128C63F5D0077B433 /* Release */,
			);
			defaultConfigurationIsVisible = 0;
			defaultConfigurationName = Release;
		};
/* End XCConfigurationList section */
	};
	rootObject = 127126B928C63F4A0077B433 /* Project object */;
}
